
Microsoft Visual Studio Solution File, Format Version 12.00
# Visual Studio Version 17
VisualStudioVersion = 17.3.32929.385
MinimumVisualStudioVersion = 10.0.40219.1
Project("{9A19103F-16F7-4668-BE54-9A1E7A4F7556}") = "zoneFlower.Data", "zoneFlower.Data\zoneFlower.Data.csproj", "{61C5566A-A65A-4A24-8F81-EF0EE1C2B877}"
EndProject
Project("{9A19103F-16F7-4668-BE54-9A1E7A4F7556}") = "zoneFlower.Application", "zoneFlower.Application\zoneFlower.Application.csproj", "{3A2F2180-9B22-4115-9999-F83922D7AA12}"
EndProject
Project("{9A19103F-16F7-4668-BE54-9A1E7A4F7556}") = "zoneFlower.WebApp", "zoneFlower.WebApp\zoneFlower.WebApp.csproj", "{99BA2983-EA6C-49ED-8398-328A7D87A8E6}"
EndProject
Project("{9A19103F-16F7-4668-BE54-9A1E7A4F7556}") = "zoneFlower.Utilities", "zoneFlower.Utilities\zoneFlower.Utilities.csproj", "{1B4051E4-9E42-4AF3-BD87-487C3297E7B4}"
EndProject
Project("{9A19103F-16F7-4668-BE54-9A1E7A4F7556}") = "zoneFlower.ViewModel", "zoneFlower.ViewModel\zoneFlower.ViewModel.csproj", "{56253D65-A6E6-448D-B049-57BB3D6CEF44}"
EndProject
Project("{9A19103F-16F7-4668-BE54-9A1E7A4F7556}") = "zoneFlower.BackendApi", "zoneFlower.BackendApi\zoneFlower.BackendApi.csproj", "{922E7364-D080-48B3-AE0D-0F56B5B526DE}"
EndProject
Project("{2150E333-8FDC-42A3-9474-1A3956D46DE8}") = "1.Infrastructure", "1.Infrastructure", "{D1D1B120-1E5D-4494-8867-BFD54260344B}"
EndProject
Project("{2150E333-8FDC-42A3-9474-1A3956D46DE8}") = "2.Domain", "2.Domain", "{F593B0A5-8399-4551-ADE1-5585273EAA62}"
EndProject
Project("{2150E333-8FDC-42A3-9474-1A3956D46DE8}") = "3.Host", "3.Host", "{4E1500ED-A4D5-4771-A9A9-339D9B5B6408}"
EndProject
Project("{2150E333-8FDC-42A3-9474-1A3956D46DE8}") = "0.Solution", "0.Solution", "{89F0585D-9B15-447F-853A-110CEE4F3F73}"
EndProject
Global
	GlobalSection(SolutionConfigurationPlatforms) = preSolution
		Debug|Any CPU = Debug|Any CPU
		Release|Any CPU = Release|Any CPU
	EndGlobalSection
	GlobalSection(ProjectConfigurationPlatforms) = postSolution
		{61C5566A-A65A-4A24-8F81-EF0EE1C2B877}.Debug|Any CPU.ActiveCfg = Debug|Any CPU
		{61C5566A-A65A-4A24-8F81-EF0EE1C2B877}.Debug|Any CPU.Build.0 = Debug|Any CPU
		{61C5566A-A65A-4A24-8F81-EF0EE1C2B877}.Release|Any CPU.ActiveCfg = Release|Any CPU
		{61C5566A-A65A-4A24-8F81-EF0EE1C2B877}.Release|Any CPU.Build.0 = Release|Any CPU
		{3A2F2180-9B22-4115-9999-F83922D7AA12}.Debug|Any CPU.ActiveCfg = Debug|Any CPU
		{3A2F2180-9B22-4115-9999-F83922D7AA12}.Debug|Any CPU.Build.0 = Debug|Any CPU
		{3A2F2180-9B22-4115-9999-F83922D7AA12}.Release|Any CPU.ActiveCfg = Release|Any CPU
		{3A2F2180-9B22-4115-9999-F83922D7AA12}.Release|Any CPU.Build.0 = Release|Any CPU
		{99BA2983-EA6C-49ED-8398-328A7D87A8E6}.Debug|Any CPU.ActiveCfg = Debug|Any CPU
		{99BA2983-EA6C-49ED-8398-328A7D87A8E6}.Debug|Any CPU.Build.0 = Debug|Any CPU
		{99BA2983-EA6C-49ED-8398-328A7D87A8E6}.Release|Any CPU.ActiveCfg = Release|Any CPU
		{99BA2983-EA6C-49ED-8398-328A7D87A8E6}.Release|Any CPU.Build.0 = Release|Any CPU
		{1B4051E4-9E42-4AF3-BD87-487C3297E7B4}.Debug|Any CPU.ActiveCfg = Debug|Any CPU
		{1B4051E4-9E42-4AF3-BD87-487C3297E7B4}.Debug|Any CPU.Build.0 = Debug|Any CPU
		{1B4051E4-9E42-4AF3-BD87-487C3297E7B4}.Release|Any CPU.ActiveCfg = Release|Any CPU
		{1B4051E4-9E42-4AF3-BD87-487C3297E7B4}.Release|Any CPU.Build.0 = Release|Any CPU
		{56253D65-A6E6-448D-B049-57BB3D6CEF44}.Debug|Any CPU.ActiveCfg = Debug|Any CPU
		{56253D65-A6E6-448D-B049-57BB3D6CEF44}.Debug|Any CPU.Build.0 = Debug|Any CPU
		{56253D65-A6E6-448D-B049-57BB3D6CEF44}.Release|Any CPU.ActiveCfg = Release|Any CPU
		{56253D65-A6E6-448D-B049-57BB3D6CEF44}.Release|Any CPU.Build.0 = Release|Any CPU
		{922E7364-D080-48B3-AE0D-0F56B5B526DE}.Debug|Any CPU.ActiveCfg = Debug|Any CPU
		{922E7364-D080-48B3-AE0D-0F56B5B526DE}.Debug|Any CPU.Build.0 = Debug|Any CPU
		{922E7364-D080-48B3-AE0D-0F56B5B526DE}.Release|Any CPU.ActiveCfg = Release|Any CPU
		{922E7364-D080-48B3-AE0D-0F56B5B526DE}.Release|Any CPU.Build.0 = Release|Any CPU
	EndGlobalSection
	GlobalSection(SolutionProperties) = preSolution
		HideSolutionNode = FALSE
	EndGlobalSection
	GlobalSection(NestedProjects) = preSolution
		{61C5566A-A65A-4A24-8F81-EF0EE1C2B877} = {F593B0A5-8399-4551-ADE1-5585273EAA62}
		{3A2F2180-9B22-4115-9999-F83922D7AA12} = {F593B0A5-8399-4551-ADE1-5585273EAA62}
		{99BA2983-EA6C-49ED-8398-328A7D87A8E6} = {4E1500ED-A4D5-4771-A9A9-339D9B5B6408}
		{1B4051E4-9E42-4AF3-BD87-487C3297E7B4} = {D1D1B120-1E5D-4494-8867-BFD54260344B}
		{56253D65-A6E6-448D-B049-57BB3D6CEF44} = {D1D1B120-1E5D-4494-8867-BFD54260344B}
		{922E7364-D080-48B3-AE0D-0F56B5B526DE} = {4E1500ED-A4D5-4771-A9A9-339D9B5B6408}
	EndGlobalSection
	GlobalSection(ExtensibilityGlobals) = postSolution
		SolutionGuid = {4332B965-F8A4-4C73-BEDA-D06B47D01B31}
	EndGlobalSection
EndGlobal
